
Microsoft Visual Studio Solution File, Format Version 12.00
# Visual Studio Version 17
VisualStudioVersion = 17.0.32112.339
MinimumVisualStudioVersion = 10.0.40219.1
Project("{FAE04EC0-301F-11D3-BF4B-00C04F79EFBC}") = "ProductManagement.Api", "ProductManagement.Api\ProductManagement.Api.csproj", "{1F55971F-086C-4BA8-BA63-E36118CEFDEE}"
EndProject
Project("{FAE04EC0-301F-11D3-BF4B-00C04F79EFBC}") = "ProductManagement.Api.Data", "ProductManagement.Api.Data\ProductManagement.Api.Data.csproj", "{FC902C95-67BA-4869-8BB7-E5FEDB3B89A6}"
EndProject
Project("{FAE04EC0-301F-11D3-BF4B-00C04F79EFBC}") = "ProductManagement.Api.Data.Model", "ProductManagement.Api.Data.Model\ProductManagement.Api.Data.Model.csproj", "{CD43AC50-A8DF-4527-B985-5675783180BA}"
EndProject
Project("{FAE04EC0-301F-11D3-BF4B-00C04F79EFBC}") = "ProductManagement.Api.Service", "ProductManagement.Api.Service\ProductManagement.Api.Service.csproj", "{A257639C-01CC-4FEF-BFFC-EABD019DBF78}"
EndProject
Project("{FAE04EC0-301F-11D3-BF4B-00C04F79EFBC}") = "ProductManagement.Api.Model", "ProductManagement.Api.Model\ProductManagement.Api.Model.csproj", "{5FFE89FD-5E0E-4F27-8A0F-52DD2E290A4A}"
EndProject
Project("{FAE04EC0-301F-11D3-BF4B-00C04F79EFBC}") = "ProductManagement.Api.Common", "ProductManagement.Api.Common\ProductManagement.Api.Common.csproj", "{C377BE07-E8A3-49C0-9580-3AFF938A57C0}"
EndProject
Global
	GlobalSection(SolutionConfigurationPlatforms) = preSolution
		Debug|Any CPU = Debug|Any CPU
		Release|Any CPU = Release|Any CPU
	EndGlobalSection
	GlobalSection(ProjectConfigurationPlatforms) = postSolution
		{1F55971F-086C-4BA8-BA63-E36118CEFDEE}.Debug|Any CPU.ActiveCfg = Debug|Any CPU
		{1F55971F-086C-4BA8-BA63-E36118CEFDEE}.Debug|Any CPU.Build.0 = Debug|Any CPU
		{1F55971F-086C-4BA8-BA63-E36118CEFDEE}.Release|Any CPU.ActiveCfg = Release|Any CPU
		{1F55971F-086C-4BA8-BA63-E36118CEFDEE}.Release|Any CPU.Build.0 = Release|Any CPU
		{FC902C95-67BA-4869-8BB7-E5FEDB3B89A6}.Debug|Any CPU.ActiveCfg = Debug|Any CPU
		{FC902C95-67BA-4869-8BB7-E5FEDB3B89A6}.Debug|Any CPU.Build.0 = Debug|Any CPU
		{FC902C95-67BA-4869-8BB7-E5FEDB3B89A6}.Release|Any CPU.ActiveCfg = Release|Any CPU
		{FC902C95-67BA-4869-8BB7-E5FEDB3B89A6}.Release|Any CPU.Build.0 = Release|Any CPU
		{CD43AC50-A8DF-4527-B985-5675783180BA}.Debug|Any CPU.ActiveCfg = Debug|Any CPU
		{CD43AC50-A8DF-4527-B985-5675783180BA}.Debug|Any CPU.Build.0 = Debug|Any CPU
		{CD43AC50-A8DF-4527-B985-5675783180BA}.Release|Any CPU.ActiveCfg = Release|Any CPU
		{CD43AC50-A8DF-4527-B985-5675783180BA}.Release|Any CPU.Build.0 = Release|Any CPU
		{A257639C-01CC-4FEF-BFFC-EABD019DBF78}.Debug|Any CPU.ActiveCfg = Debug|Any CPU
		{A257639C-01CC-4FEF-BFFC-EABD019DBF78}.Debug|Any CPU.Build.0 = Debug|Any CPU
		{A257639C-01CC-4FEF-BFFC-EABD019DBF78}.Release|Any CPU.ActiveCfg = Release|Any CPU
		{A257639C-01CC-4FEF-BFFC-EABD019DBF78}.Release|Any CPU.Build.0 = Release|Any CPU
		{5FFE89FD-5E0E-4F27-8A0F-52DD2E290A4A}.Debug|Any CPU.ActiveCfg = Debug|Any CPU
		{5FFE89FD-5E0E-4F27-8A0F-52DD2E290A4A}.Debug|Any CPU.Build.0 = Debug|Any CPU
		{5FFE89FD-5E0E-4F27-8A0F-52DD2E290A4A}.Release|Any CPU.ActiveCfg = Release|Any CPU
		{5FFE89FD-5E0E-4F27-8A0F-52DD2E290A4A}.Release|Any CPU.Build.0 = Release|Any CPU
		{C377BE07-E8A3-49C0-9580-3AFF938A57C0}.Debug|Any CPU.ActiveCfg = Debug|Any CPU
		{C377BE07-E8A3-49C0-9580-3AFF938A57C0}.Debug|Any CPU.Build.0 = Debug|Any CPU
		{C377BE07-E8A3-49C0-9580-3AFF938A57C0}.Release|Any CPU.ActiveCfg = Release|Any CPU
		{C377BE07-E8A3-49C0-9580-3AFF938A57C0}.Release|Any CPU.Build.0 = Release|Any CPU
	EndGlobalSection
	GlobalSection(SolutionProperties) = preSolution
		HideSolutionNode = FALSE
	EndGlobalSection
	GlobalSection(ExtensibilityGlobals) = postSolution
		SolutionGuid = {451E528E-B2BA-45EF-889C-B08EA8B8EEE0}
	EndGlobalSection
EndGlobal
